
Microsoft Visual Studio Solution File, Format Version 12.00
# Visual Studio Version 17
VisualStudioVersion = 17.0.32112.339
MinimumVisualStudioVersion = 10.0.40219.1
Project("{FAE04EC0-301F-11D3-BF4B-00C04F79EFBC}") = "EFM_REGIO_V4", "EFM_REGIO_V4\EFM_REGIO_V4.csproj", "{C9E03B73-BD4E-424A-9E63-1CC048FF33F5}"
EndProject
Project("{54435603-DBB4-11D2-8724-00A0C9A8B90C}") = "Setup1", "Setup1\Setup1.vdproj", "{72161917-1755-43B9-8E26-2732E6949705}"
EndProject
Global
	GlobalSection(SolutionConfigurationPlatforms) = preSolution
		Debug|Any CPU = Debug|Any CPU
		Release|Any CPU = Release|Any CPU
	EndGlobalSection
	GlobalSection(ProjectConfigurationPlatforms) = postSolution
		{C9E03B73-BD4E-424A-9E63-1CC048FF33F5}.Debug|Any CPU.ActiveCfg = Debug|Any CPU
		{C9E03B73-BD4E-424A-9E63-1CC048FF33F5}.Debug|Any CPU.Build.0 = Debug|Any CPU
		{C9E03B73-BD4E-424A-9E63-1CC048FF33F5}.Release|Any CPU.ActiveCfg = Release|Any CPU
		{C9E03B73-BD4E-424A-9E63-1CC048FF33F5}.Release|Any CPU.Build.0 = Release|Any CPU
		{72161917-1755-43B9-8E26-2732E6949705}.Debug|Any CPU.ActiveCfg = Debug
		{72161917-1755-43B9-8E26-2732E6949705}.Release|Any CPU.ActiveCfg = Release
	EndGlobalSection
	GlobalSection(SolutionProperties) = preSolution
		HideSolutionNode = FALSE
	EndGlobalSection
	GlobalSection(ExtensibilityGlobals) = postSolution
		SolutionGuid = {328FE322-FF45-478C-A28C-3C458782448F}
	EndGlobalSection
EndGlobal
